// !$*UTF8*$!
{
	archiveVersion = 1;
	classes = {
	};
	objectVersion = 77;
	objects = {

/* Begin PBXBuildFile section */
		2B9CA3CB2D4BA0C000E2B46E /* Api.swift in Sources */ = {isa = PBXBuildFile; fileRef = 2B9CA3CA2D4BA0C000E2B46E /* Api.swift */; };
/* End PBXBuildFile section */

/* Begin PBXContainerItemProxy section */
		2B9CA37F2D4B9D5E00E2B46E /* PBXContainerItemProxy */ = {
			isa = PBXContainerItemProxy;
			containerPortal = 2B9CA3662D4B9D5D00E2B46E /* Project object */;
			proxyType = 1;
			remoteGlobalIDString = 2B9CA36D2D4B9D5D00E2B46E;
			remoteInfo = FrontEndMovies;
		};
		2B9CA3892D4B9D5E00E2B46E /* PBXContainerItemProxy */ = {
			isa = PBXContainerItemProxy;
			containerPortal = 2B9CA3662D4B9D5D00E2B46E /* Project object */;
			proxyType = 1;
			remoteGlobalIDString = 2B9CA36D2D4B9D5D00E2B46E;
			remoteInfo = FrontEndMovies;
		};
/* End PBXContainerItemProxy section */

/* Begin PBXFileReference section */
		2B9CA36E2D4B9D5D00E2B46E /* FrontEndMovies.app */ = {isa = PBXFileReference; explicitFileType = wrapper.application; includeInIndex = 0; path = FrontEndMovies.app; sourceTree = BUILT_PRODUCTS_DIR; };
		2B9CA37E2D4B9D5E00E2B46E /* FrontEndMoviesTests.xctest */ = {isa = PBXFileReference; explicitFileType = wrapper.cfbundle; includeInIndex = 0; path = FrontEndMoviesTests.xctest; sourceTree = BUILT_PRODUCTS_DIR; };
		2B9CA3882D4B9D5E00E2B46E /* FrontEndMoviesUITests.xctest */ = {isa = PBXFileReference; explicitFileType = wrapper.cfbundle; includeInIndex = 0; path = FrontEndMoviesUITests.xctest; sourceTree = BUILT_PRODUCTS_DIR; };
		2B9CA3CA2D4BA0C000E2B46E /* Api.swift */ = {isa = PBXFileReference; lastKnownFileType = sourcecode.swift; path = Api.swift; sourceTree = "<group>"; };
/* End PBXFileReference section */

/* Begin PBXFileSystemSynchronizedRootGroup section */
		2B9CA3702D4B9D5D00E2B46E /* FrontEndMovies */ = {
			isa = PBXFileSystemSynchronizedRootGroup;
			path = FrontEndMovies;
			sourceTree = "<group>";
		};
		2B9CA3812D4B9D5E00E2B46E /* FrontEndMoviesTests */ = {
			isa = PBXFileSystemSynchronizedRootGroup;
			path = FrontEndMoviesTests;
			sourceTree = "<group>";
		};
		2B9CA38B2D4B9D5E00E2B46E /* FrontEndMoviesUITests */ = {
			isa = PBXFileSystemSynchronizedRootGroup;
			path = FrontEndMoviesUITests;
			sourceTree = "<group>";
		};
		2B9CA39B2D4B9DD100E2B46E /* models */ = {
			isa = PBXFileSystemSynchronizedRootGroup;
			path = models;
			sourceTree = "<group>";
		};
		2B9CA39C2D4B9DE100E2B46E /* viewModels */ = {
			isa = PBXFileSystemSynchronizedRootGroup;
			path = viewModels;
			sourceTree = "<group>";
		};
		2B9CA39D2D4B9DF400E2B46E /* views */ = {
			isa = PBXFileSystemSynchronizedRootGroup;
			path = views;
			sourceTree = "<group>";
		};
/* End PBXFileSystemSynchronizedRootGroup section */

/* Begin PBXFrameworksBuildPhase section */
		2B9CA36B2D4B9D5D00E2B46E /* Frameworks */ = {
			isa = PBXFrameworksBuildPhase;
			buildActionMask = 2147483647;
			files = (
			);
			runOnlyForDeploymentPostprocessing = 0;
		};
		2B9CA37B2D4B9D5E00E2B46E /* Frameworks */ = {
			isa = PBXFrameworksBuildPhase;
			buildActionMask = 2147483647;
			files = (
			);
			runOnlyForDeploymentPostprocessing = 0;
		};
		2B9CA3852D4B9D5E00E2B46E /* Frameworks */ = {
			isa = PBXFrameworksBuildPhase;
			buildActionMask = 2147483647;
			files = (
			);
			runOnlyForDeploymentPostprocessing = 0;
		};
/* End PBXFrameworksBuildPhase section */

/* Begin PBXGroup section */
		2B9CA3652D4B9D5D00E2B46E = {
			isa = PBXGroup;
			children = (
				2B9CA3CA2D4BA0C000E2B46E /* Api.swift */,
				2B9CA39D2D4B9DF400E2B46E /* views */,
				2B9CA39C2D4B9DE100E2B46E /* viewModels */,
				2B9CA39B2D4B9DD100E2B46E /* models */,
				2B9CA3702D4B9D5D00E2B46E /* FrontEndMovies */,
				2B9CA3812D4B9D5E00E2B46E /* FrontEndMoviesTests */,
				2B9CA38B2D4B9D5E00E2B46E /* FrontEndMoviesUITests */,
				2B9CA36F2D4B9D5D00E2B46E /* Products */,
			);
			sourceTree = "<group>";
		};
		2B9CA36F2D4B9D5D00E2B46E /* Products */ = {
			isa = PBXGroup;
			children = (
				2B9CA36E2D4B9D5D00E2B46E /* FrontEndMovies.app */,
				2B9CA37E2D4B9D5E00E2B46E /* FrontEndMoviesTests.xctest */,
				2B9CA3882D4B9D5E00E2B46E /* FrontEndMoviesUITests.xctest */,
			);
			name = Products;
			sourceTree = "<group>";
		};
/* End PBXGroup section */

/* Begin PBXNativeTarget section */
		2B9CA36D2D4B9D5D00E2B46E /* FrontEndMovies */ = {
			isa = PBXNativeTarget;
			buildConfigurationList = 2B9CA3922D4B9D5E00E2B46E /* Build configuration list for PBXNativeTarget "FrontEndMovies" */;
			buildPhases = (
				2B9CA36A2D4B9D5D00E2B46E /* Sources */,
				2B9CA36B2D4B9D5D00E2B46E /* Frameworks */,
				2B9CA36C2D4B9D5D00E2B46E /* Resources */,
			);
			buildRules = (
			);
			dependencies = (
			);
			fileSystemSynchronizedGroups = (
				2B9CA3702D4B9D5D00E2B46E /* FrontEndMovies */,
				2B9CA39B2D4B9DD100E2B46E /* models */,
				2B9CA39C2D4B9DE100E2B46E /* viewModels */,
				2B9CA39D2D4B9DF400E2B46E /* views */,
			);
			name = FrontEndMovies;
			packageProductDependencies = (
			);
			productName = FrontEndMovies;
			productReference = 2B9CA36E2D4B9D5D00E2B46E /* FrontEndMovies.app */;
			productType = "com.apple.product-type.application";
		};
		2B9CA37D2D4B9D5E00E2B46E /* FrontEndMoviesTests */ = {
			isa = PBXNativeTarget;
			buildConfigurationList = 2B9CA3952D4B9D5E00E2B46E /* Build configuration list for PBXNativeTarget "FrontEndMoviesTests" */;
			buildPhases = (
				2B9CA37A2D4B9D5E00E2B46E /* Sources */,
				2B9CA37B2D4B9D5E00E2B46E /* Frameworks */,
				2B9CA37C2D4B9D5E00E2B46E /* Resources */,
			);
			buildRules = (
			);
			dependencies = (
				2B9CA3802D4B9D5E00E2B46E /* PBXTargetDependency */,
			);
			fileSystemSynchronizedGroups = (
				2B9CA3812D4B9D5E00E2B46E /* FrontEndMoviesTests */,
			);
			name = FrontEndMoviesTests;
			packageProductDependencies = (
			);
			productName = FrontEndMoviesTests;
			productReference = 2B9CA37E2D4B9D5E00E2B46E /* FrontEndMoviesTests.xctest */;
			productType = "com.apple.product-type.bundle.unit-test";
		};
		2B9CA3872D4B9D5E00E2B46E /* FrontEndMoviesUITests */ = {
			isa = PBXNativeTarget;
			buildConfigurationList = 2B9CA3982D4B9D5E00E2B46E /* Build configuration list for PBXNativeTarget "FrontEndMoviesUITests" */;
			buildPhases = (
				2B9CA3842D4B9D5E00E2B46E /* Sources */,
				2B9CA3852D4B9D5E00E2B46E /* Frameworks */,
				2B9CA3862D4B9D5E00E2B46E /* Resources */,
			);
			buildRules = (
			);
			dependencies = (
				2B9CA38A2D4B9D5E00E2B46E /* PBXTargetDependency */,
			);
			fileSystemSynchronizedGroups = (
				2B9CA38B2D4B9D5E00E2B46E /* FrontEndMoviesUITests */,
			);
			name = FrontEndMoviesUITests;
			packageProductDependencies = (
			);
			productName = FrontEndMoviesUITests;
			productReference = 2B9CA3882D4B9D5E00E2B46E /* FrontEndMoviesUITests.xctest */;
			productType = "com.apple.product-type.bundle.ui-testing";
		};
/* End PBXNativeTarget section */

/* Begin PBXProject section */
		2B9CA3662D4B9D5D00E2B46E /* Project object */ = {
			isa = PBXProject;
			attributes = {
				BuildIndependentTargetsInParallel = 1;
				LastSwiftUpdateCheck = 1620;
				LastUpgradeCheck = 1620;
				TargetAttributes = {
					2B9CA36D2D4B9D5D00E2B46E = {
						CreatedOnToolsVersion = 16.2;
						LastSwiftMigration = 1620;
					};
					2B9CA37D2D4B9D5E00E2B46E = {
						CreatedOnToolsVersion = 16.2;
						TestTargetID = 2B9CA36D2D4B9D5D00E2B46E;
					};
					2B9CA3872D4B9D5E00E2B46E = {
						CreatedOnToolsVersion = 16.2;
						TestTargetID = 2B9CA36D2D4B9D5D00E2B46E;
					};
				};
			};
			buildConfigurationList = 2B9CA3692D4B9D5D00E2B46E /* Build configuration list for PBXProject "FrontEndMovies" */;
			developmentRegion = en;
			hasScannedForEncodings = 0;
			knownRegions = (
				en,
				Base,
			);
			mainGroup = 2B9CA3652D4B9D5D00E2B46E;
			minimizedProjectReferenceProxies = 1;
			preferredProjectObjectVersion = 77;
			productRefGroup = 2B9CA36F2D4B9D5D00E2B46E /* Products */;
			projectDirPath = "";
			projectRoot = "";
			targets = (
				2B9CA36D2D4B9D5D00E2B46E /* FrontEndMovies */,
				2B9CA37D2D4B9D5E00E2B46E /* FrontEndMoviesTests */,
				2B9CA3872D4B9D5E00E2B46E /* FrontEndMoviesUITests */,
			);
		};
/* End PBXProject section */

/* Begin PBXResourcesBuildPhase section */
		2B9CA36C2D4B9D5D00E2B46E /* Resources */ = {
			isa = PBXResourcesBuildPhase;
			buildActionMask = 2147483647;
			files = (
			);
			runOnlyForDeploymentPostprocessing = 0;
		};
		2B9CA37C2D4B9D5E00E2B46E /* Resources */ = {
			isa = PBXResourcesBuildPhase;
			buildActionMask = 2147483647;
			files = (
			);
			runOnlyForDeploymentPostprocessing = 0;
		};
		2B9CA3862D4B9D5E00E2B46E /* Resources */ = {
			isa = PBXResourcesBuildPhase;
			buildActionMask = 2147483647;
			files = (
			);
			runOnlyForDeploymentPostprocessing = 0;
		};
/* End PBXResourcesBuildPhase section */

/* Begin PBXSourcesBuildPhase section */
		2B9CA36A2D4B9D5D00E2B46E /* Sources */ = {
			isa = PBXSourcesBuildPhase;
			buildActionMask = 2147483647;
			files = (
				2B9CA3CB2D4BA0C000E2B46E /* Api.swift in Sources */,
			);
			runOnlyForDeploymentPostprocessing = 0;
		};
		2B9CA37A2D4B9D5E00E2B46E /* Sources */ = {
			isa = PBXSourcesBuildPhase;
			buildActionMask = 2147483647;
			files = (
			);
			runOnlyForDeploymentPostprocessing = 0;
		};
		2B9CA3842D4B9D5E00E2B46E /* Sources */ = {
			isa = PBXSourcesBuildPhase;
			buildActionMask = 2147483647;
			files = (
			);
			runOnlyForDeploymentPostprocessing = 0;
		};
/* End PBXSourcesBuildPhase section */

/* Begin PBXTargetDependency section */
		2B9CA3802D4B9D5E00E2B46E /* PBXTargetDependency */ = {
			isa = PBXTargetDependency;
			target = 2B9CA36D2D4B9D5D00E2B46E /* FrontEndMovies */;
			targetProxy = 2B9CA37F2D4B9D5E00E2B46E /* PBXContainerItemProxy */;
		};
		2B9CA38A2D4B9D5E00E2B46E /* PBXTargetDependency */ = {
			isa = PBXTargetDependency;
			target = 2B9CA36D2D4B9D5D00E2B46E /* FrontEndMovies */;
			targetProxy = 2B9CA3892D4B9D5E00E2B46E /* PBXContainerItemProxy */;
		};
/* End PBXTargetDependency section */

/* Begin XCBuildConfiguration section */
		2B9CA3902D4B9D5E00E2B46E /* Debug */ = {
			isa = XCBuildConfiguration;
			buildSettings = {
				ALWAYS_SEARCH_USER_PATHS = NO;
				ASSETCATALOG_COMPILER_GENERATE_SWIFT_ASSET_SYMBOL_EXTENSIONS = YES;
				CLANG_ANALYZER_NONNULL = YES;
				CLANG_ANALYZER_NUMBER_OBJECT_CONVERSION = YES_AGGRESSIVE;
				CLANG_CXX_LANGUAGE_STANDARD = "gnu++20";
				CLANG_ENABLE_MODULES = YES;
				CLANG_ENABLE_OBJC_ARC = YES;
				CLANG_ENABLE_OBJC_WEAK = YES;
				CLANG_WARN_BLOCK_CAPTURE_AUTORELEASING = YES;
				CLANG_WARN_BOOL_CONVERSION = YES;
				CLANG_WARN_COMMA = YES;
				CLANG_WARN_CONSTANT_CONVERSION = YES;
				CLANG_WARN_DEPRECATED_OBJC_IMPLEMENTATIONS = YES;
				CLANG_WARN_DIRECT_OBJC_ISA_USAGE = YES_ERROR;
				CLANG_WARN_DOCUMENTATION_COMMENTS = YES;
				CLANG_WARN_EMPTY_BODY = YES;
				CLANG_WARN_ENUM_CONVERSION = YES;
				CLANG_WARN_INFINITE_RECURSION = YES;
				CLANG_WARN_INT_CONVERSION = YES;
				CLANG_WARN_NON_LITERAL_NULL_CONVERSION = YES;
				CLANG_WARN_OBJC_IMPLICIT_RETAIN_SELF = YES;
				CLANG_WARN_OBJC_LITERAL_CONVERSION = YES;
				CLANG_WARN_OBJC_ROOT_CLASS = YES_ERROR;
				CLANG_WARN_QUOTED_INCLUDE_IN_FRAMEWORK_HEADER = YES;
				CLANG_WARN_RANGE_LOOP_ANALYSIS = YES;
				CLANG_WARN_STRICT_PROTOTYPES = YES;
				CLANG_WARN_SUSPICIOUS_MOVE = YES;
				CLANG_WARN_UNGUARDED_AVAILABILITY = YES_AGGRESSIVE;
				CLANG_WARN_UNREACHABLE_CODE = YES;
				CLANG_WARN__DUPLICATE_METHOD_MATCH = YES;
				COPY_PHASE_STRIP = NO;
				DEBUG_INFORMATION_FORMAT = dwarf;
				ENABLE_STRICT_OBJC_MSGSEND = YES;
				ENABLE_TESTABILITY = YES;
				ENABLE_USER_SCRIPT_SANDBOXING = YES;
				GCC_C_LANGUAGE_STANDARD = gnu17;
				GCC_DYNAMIC_NO_PIC = NO;
				GCC_NO_COMMON_BLOCKS = YES;
				GCC_OPTIMIZATION_LEVEL = 0;
				GCC_PREPROCESSOR_DEFINITIONS = (
					"DEBUG=1",
					"$(inherited)",
				);
				GCC_WARN_64_TO_32_BIT_CONVERSION = YES;
				GCC_WARN_ABOUT_RETURN_TYPE = YES_ERROR;
				GCC_WARN_UNDECLARED_SELECTOR = YES;
				GCC_WARN_UNINITIALIZED_AUTOS = YES_AGGRESSIVE;
				GCC_WARN_UNUSED_FUNCTION = YES;
				GCC_WARN_UNUSED_VARIABLE = YES;
				IPHONEOS_DEPLOYMENT_TARGET = 18.2;
				LOCALIZATION_PREFERS_STRING_CATALOGS = YES;
				MTL_ENABLE_DEBUG_INFO = INCLUDE_SOURCE;
				MTL_FAST_MATH = YES;
				ONLY_ACTIVE_ARCH = YES;
				SDKROOT = iphoneos;
				SWIFT_ACTIVE_COMPILATION_CONDITIONS = "DEBUG $(inherited)";
				SWIFT_OPTIMIZATION_LEVEL = "-Onone";
			};
			name = Debug;
		};
		2B9CA3912D4B9D5E00E2B46E /* Release */ = {
			isa = XCBuildConfiguration;
			buildSettings = {
				ALWAYS_SEARCH_USER_PATHS = NO;
				ASSETCATALOG_COMPILER_GENERATE_SWIFT_ASSET_SYMBOL_EXTENSIONS = YES;
				CLANG_ANALYZER_NONNULL = YES;
				CLANG_ANALYZER_NUMBER_OBJECT_CONVERSION = YES_AGGRESSIVE;
				CLANG_CXX_LANGUAGE_STANDARD = "gnu++20";
				CLANG_ENABLE_MODULES = YES;
				CLANG_ENABLE_OBJC_ARC = YES;
				CLANG_ENABLE_OBJC_WEAK = YES;
				CLANG_WARN_BLOCK_CAPTURE_AUTORELEASING = YES;
				CLANG_WARN_BOOL_CONVERSION = YES;
				CLANG_WARN_COMMA = YES;
				CLANG_WARN_CONSTANT_CONVERSION = YES;
				CLANG_WARN_DEPRECATED_OBJC_IMPLEMENTATIONS = YES;
				CLANG_WARN_DIRECT_OBJC_ISA_USAGE = YES_ERROR;
				CLANG_WARN_DOCUMENTATION_COMMENTS = YES;
				CLANG_WARN_EMPTY_BODY = YES;
				CLANG_WARN_ENUM_CONVERSION = YES;
				CLANG_WARN_INFINITE_RECURSION = YES;
				CLANG_WARN_INT_CONVERSION = YES;
				CLANG_WARN_NON_LITERAL_NULL_CONVERSION = YES;
				CLANG_WARN_OBJC_IMPLICIT_RETAIN_SELF = YES;
				CLANG_WARN_OBJC_LITERAL_CONVERSION = YES;
				CLANG_WARN_OBJC_ROOT_CLASS = YES_ERROR;
				CLANG_WARN_QUOTED_INCLUDE_IN_FRAMEWORK_HEADER = YES;
				CLANG_WARN_RANGE_LOOP_ANALYSIS = YES;
				CLANG_WARN_STRICT_PROTOTYPES = YES;
				CLANG_WARN_SUSPICIOUS_MOVE = YES;
				CLANG_WARN_UNGUARDED_AVAILABILITY = YES_AGGRESSIVE;
				CLANG_WARN_UNREACHABLE_CODE = YES;
				CLANG_WARN__DUPLICATE_METHOD_MATCH = YES;
				COPY_PHASE_STRIP = NO;
				DEBUG_INFORMATION_FORMAT = "dwarf-with-dsym";
				ENABLE_NS_ASSERTIONS = NO;
				ENABLE_STRICT_OBJC_MSGSEND = YES;
				ENABLE_USER_SCRIPT_SANDBOXING = YES;
				GCC_C_LANGUAGE_STANDARD = gnu17;
				GCC_NO_COMMON_BLOCKS = YES;
				GCC_WARN_64_TO_32_BIT_CONVERSION = YES;
				GCC_WARN_ABOUT_RETURN_TYPE = YES_ERROR;
				GCC_WARN_UNDECLARED_SELECTOR = YES;
				GCC_WARN_UNINITIALIZED_AUTOS = YES_AGGRESSIVE;
				GCC_WARN_UNUSED_FUNCTION = YES;
				GCC_WARN_UNUSED_VARIABLE = YES;
				IPHONEOS_DEPLOYMENT_TARGET = 18.2;
				LOCALIZATION_PREFERS_STRING_CATALOGS = YES;
				MTL_ENABLE_DEBUG_INFO = NO;
				MTL_FAST_MATH = YES;
				SDKROOT = iphoneos;
				SWIFT_COMPILATION_MODE = wholemodule;
				VALIDATE_PRODUCT = YES;
			};
			name = Release;
		};
		2B9CA3932D4B9D5E00E2B46E /* Debug */ = {
			isa = XCBuildConfiguration;
			buildSettings = {
				ASSETCATALOG_COMPILER_APPICON_NAME = AppIcon;
				ASSETCATALOG_COMPILER_GLOBAL_ACCENT_COLOR_NAME = AccentColor;
				CLANG_ENABLE_MODULES = YES;
				CODE_SIGN_STYLE = Automatic;
				CURRENT_PROJECT_VERSION = 1;
				DEVELOPMENT_ASSET_PATHS = "\"FrontEndMovies/Preview Content\"";
				ENABLE_PREVIEWS = YES;
				GENERATE_INFOPLIST_FILE = YES;
				INFOPLIST_KEY_UIApplicationSceneManifest_Generation = YES;
				INFOPLIST_KEY_UIApplicationSupportsIndirectInputEvents = YES;
				INFOPLIST_KEY_UILaunchScreen_Generation = YES;
				INFOPLIST_KEY_UISupportedInterfaceOrientations_iPad = "UIInterfaceOrientationPortrait UIInterfaceOrientationPortraitUpsideDown UIInterfaceOrientationLandscapeLeft UIInterfaceOrientationLandscapeRight";
				INFOPLIST_KEY_UISupportedInterfaceOrientations_iPhone = "UIInterfaceOrientationPortrait UIInterfaceOrientationLandscapeLeft UIInterfaceOrientationLandscapeRight";
				LD_RUNPATH_SEARCH_PATHS = (
					"$(inherited)",
					"@executable_path/Frameworks",
				);
				MARKETING_VERSION = 1.0;
				PRODUCT_BUNDLE_IDENTIFIER = w.FrontEndMovies;
				PRODUCT_NAME = "$(TARGET_NAME)";
				SWIFT_EMIT_LOC_STRINGS = YES;
				SWIFT_OPTIMIZATION_LEVEL = "-Onone";
				SWIFT_VERSION = 5.0;
				TARGETED_DEVICE_FAMILY = "1,2";
			};
			name = Debug;
		};
		2B9CA3942D4B9D5E00E2B46E /* Release */ = {
			isa = XCBuildConfiguration;
			buildSettings = {
				ASSETCATALOG_COMPILER_APPICON_NAME = AppIcon;
				ASSETCATALOG_COMPILER_GLOBAL_ACCENT_COLOR_NAME = AccentColor;
				CLANG_ENABLE_MODULES = YES;
				CODE_SIGN_STYLE = Automatic;
				CURRENT_PROJECT_VERSION = 1;
				DEVELOPMENT_ASSET_PATHS = "\"FrontEndMovies/Preview Content\"";
				ENABLE_PREVIEWS = YES;
				GENERATE_INFOPLIST_FILE = YES;
				INFOPLIST_KEY_UIApplicationSceneManifest_Generation = YES;
				INFOPLIST_KEY_UIApplicationSupportsIndirectInputEvents = YES;
				INFOPLIST_KEY_UILaunchScreen_Generation = YES;
				INFOPLIST_KEY_UISupportedInterfaceOrientations_iPad = "UIInterfaceOrientationPortrait UIInterfaceOrientationPortraitUpsideDown UIInterfaceOrientationLandscapeLeft UIInterfaceOrientationLandscapeRight";
				INFOPLIST_KEY_UISupportedInterfaceOrientations_iPhone = "UIInterfaceOrientationPortrait UIInterfaceOrientationLandscapeLeft UIInterfaceOrientationLandscapeRight";
				LD_RUNPATH_SEARCH_PATHS = (
					"$(inherited)",
					"@executable_path/Frameworks",
				);
				MARKETING_VERSION = 1.0;
				PRODUCT_BUNDLE_IDENTIFIER = w.FrontEndMovies;
				PRODUCT_NAME = "$(TARGET_NAME)";
				SWIFT_EMIT_LOC_STRINGS = YES;
				SWIFT_VERSION = 5.0;
				TARGETED_DEVICE_FAMILY = "1,2";
			};
			name = Release;
		};
		2B9CA3962D4B9D5E00E2B46E /* Debug */ = {
			isa = XCBuildConfiguration;
			buildSettings = {
				BUNDLE_LOADER = "$(TEST_HOST)";
				CODE_SIGN_STYLE = Automatic;
				CURRENT_PROJECT_VERSION = 1;
				GENERATE_INFOPLIST_FILE = YES;
				IPHONEOS_DEPLOYMENT_TARGET = 18.2;
				MARKETING_VERSION = 1.0;
				PRODUCT_BUNDLE_IDENTIFIER = w.FrontEndMoviesTests;
				PRODUCT_NAME = "$(TARGET_NAME)";
				SWIFT_EMIT_LOC_STRINGS = NO;
				SWIFT_VERSION = 5.0;
				TARGETED_DEVICE_FAMILY = "1,2";
				TEST_HOST = "$(BUILT_PRODUCTS_DIR)/FrontEndMovies.app/$(BUNDLE_EXECUTABLE_FOLDER_PATH)/FrontEndMovies";
			};
			name = Debug;
		};
		2B9CA3972D4B9D5E00E2B46E /* Release */ = {
			isa = XCBuildConfiguration;
			buildSettings = {
				BUNDLE_LOADER = "$(TEST_HOST)";
				CODE_SIGN_STYLE = Automatic;
				CURRENT_PROJECT_VERSION = 1;
				GENERATE_INFOPLIST_FILE = YES;
				IPHONEOS_DEPLOYMENT_TARGET = 18.2;
				MARKETING_VERSION = 1.0;
				PRODUCT_BUNDLE_IDENTIFIER = w.FrontEndMoviesTests;
				PRODUCT_NAME = "$(TARGET_NAME)";
				SWIFT_EMIT_LOC_STRINGS = NO;
				SWIFT_VERSION = 5.0;
				TARGETED_DEVICE_FAMILY = "1,2";
				TEST_HOST = "$(BUILT_PRODUCTS_DIR)/FrontEndMovies.app/$(BUNDLE_EXECUTABLE_FOLDER_PATH)/FrontEndMovies";
			};
			name = Release;
		};
		2B9CA3992D4B9D5E00E2B46E /* Debug */ = {
			isa = XCBuildConfiguration;
			buildSettings = {
				CODE_SIGN_STYLE = Automatic;
				CURRENT_PROJECT_VERSION = 1;
				GENERATE_INFOPLIST_FILE = YES;
				MARKETING_VERSION = 1.0;
				PRODUCT_BUNDLE_IDENTIFIER = w.FrontEndMoviesUITests;
				PRODUCT_NAME = "$(TARGET_NAME)";
				SWIFT_EMIT_LOC_STRINGS = NO;
				SWIFT_VERSION = 5.0;
				TARGETED_DEVICE_FAMILY = "1,2";
				TEST_TARGET_NAME = FrontEndMovies;
			};
			name = Debug;
		};
		2B9CA39A2D4B9D5E00E2B46E /* Release */ = {
			isa = XCBuildConfiguration;
			buildSettings = {
				CODE_SIGN_STYLE = Automatic;
				CURRENT_PROJECT_VERSION = 1;
				GENERATE_INFOPLIST_FILE = YES;
				MARKETING_VERSION = 1.0;
				PRODUCT_BUNDLE_IDENTIFIER = w.FrontEndMoviesUITests;
				PRODUCT_NAME = "$(TARGET_NAME)";
				SWIFT_EMIT_LOC_STRINGS = NO;
				SWIFT_VERSION = 5.0;
				TARGETED_DEVICE_FAMILY = "1,2";
				TEST_TARGET_NAME = FrontEndMovies;
			};
			name = Release;
		};
/* End XCBuildConfiguration section */

/* Begin XCConfigurationList section */
		2B9CA3692D4B9D5D00E2B46E /* Build configuration list for PBXProject "FrontEndMovies" */ = {
			isa = XCConfigurationList;
			buildConfigurations = (
				2B9CA3902D4B9D5E00E2B46E /* Debug */,
				2B9CA3912D4B9D5E00E2B46E /* Release */,
			);
			defaultConfigurationIsVisible = 0;
			defaultConfigurationName = Release;
		};
		2B9CA3922D4B9D5E00E2B46E /* Build configuration list for PBXNativeTarget "FrontEndMovies" */ = {
			isa = XCConfigurationList;
			buildConfigurations = (
				2B9CA3932D4B9D5E00E2B46E /* Debug */,
				2B9CA3942D4B9D5E00E2B46E /* Release */,
			);
			defaultConfigurationIsVisible = 0;
			defaultConfigurationName = Release;
		};
		2B9CA3952D4B9D5E00E2B46E /* Build configuration list for PBXNativeTarget "FrontEndMoviesTests" */ = {
			isa = XCConfigurationList;
			buildConfigurations = (
				2B9CA3962D4B9D5E00E2B46E /* Debug */,
				2B9CA3972D4B9D5E00E2B46E /* Release */,
			);
			defaultConfigurationIsVisible = 0;
			defaultConfigurationName = Release;
		};
		2B9CA3982D4B9D5E00E2B46E /* Build configuration list for PBXNativeTarget "FrontEndMoviesUITests" */ = {
			isa = XCConfigurationList;
			buildConfigurations = (
				2B9CA3992D4B9D5E00E2B46E /* Debug */,
				2B9CA39A2D4B9D5E00E2B46E /* Release */,
			);
			defaultConfigurationIsVisible = 0;
			defaultConfigurationName = Release;
		};
/* End XCConfigurationList section */
	};
	rootObject = 2B9CA3662D4B9D5D00E2B46E /* Project object */;
}
